// !$*UTF8*$!
{
	archiveVersion = 1;
	classes = {
	};
	objectVersion = 50;
	objects = {

/* Begin PBXBuildFile section */
		3BBF30A35C66260E68B42095 /* Pods_My_AnimeUITests.framework in Frameworks */ = {isa = PBXBuildFile; fileRef = 021224BF76EBAC8E2FB41E51 /* Pods_My_AnimeUITests.framework */; };
		D21D7678265CB238006DA7B5 /* synopsis.swift in Sources */ = {isa = PBXBuildFile; fileRef = D21D7677265CB238006DA7B5 /* synopsis.swift */; };
		D21D767D265CE6C4006DA7B5 /* APICaller.swift in Sources */ = {isa = PBXBuildFile; fileRef = D21D767C265CE6C4006DA7B5 /* APICaller.swift */; };
		D235AA032650B2BF00BA5F2A /* AnimelistItemCell.swift in Sources */ = {isa = PBXBuildFile; fileRef = D235AA022650B2BF00BA5F2A /* AnimelistItemCell.swift */; };
		D23615C42631EE73002D44BE /* AppDelegate.swift in Sources */ = {isa = PBXBuildFile; fileRef = D23615C32631EE73002D44BE /* AppDelegate.swift */; };
		D23615C62631EE73002D44BE /* SceneDelegate.swift in Sources */ = {isa = PBXBuildFile; fileRef = D23615C52631EE73002D44BE /* SceneDelegate.swift */; };
		D23615C82631EE73002D44BE /* ViewController.swift in Sources */ = {isa = PBXBuildFile; fileRef = D23615C72631EE73002D44BE /* ViewController.swift */; };
		D23615CB2631EE73002D44BE /* Main.storyboard in Resources */ = {isa = PBXBuildFile; fileRef = D23615C92631EE73002D44BE /* Main.storyboard */; };
		D23615CD2631EE77002D44BE /* Assets.xcassets in Resources */ = {isa = PBXBuildFile; fileRef = D23615CC2631EE77002D44BE /* Assets.xcassets */; };
		D23615D02631EE77002D44BE /* LaunchScreen.storyboard in Resources */ = {isa = PBXBuildFile; fileRef = D23615CE2631EE77002D44BE /* LaunchScreen.storyboard */; };
		D23615DB2631EE77002D44BE /* My_AnimeTests.swift in Sources */ = {isa = PBXBuildFile; fileRef = D23615DA2631EE77002D44BE /* My_AnimeTests.swift */; };
		D23615E62631EE77002D44BE /* My_AnimeUITests.swift in Sources */ = {isa = PBXBuildFile; fileRef = D23615E52631EE77002D44BE /* My_AnimeUITests.swift */; };
		D236162126320DE9002D44BE /* AnimeFromTop.swift in Sources */ = {isa = PBXBuildFile; fileRef = D236162026320DE9002D44BE /* AnimeFromTop.swift */; };
		D2361626263212E2002D44BE /* AnimeFromSearch.swift in Sources */ = {isa = PBXBuildFile; fileRef = D2361625263212E2002D44BE /* AnimeFromSearch.swift */; };
		D236163726321AE4002D44BE /* TopAnimes.swift in Sources */ = {isa = PBXBuildFile; fileRef = D236163626321AE4002D44BE /* TopAnimes.swift */; };
		D236163C26321B20002D44BE /* SearchResults.swift in Sources */ = {isa = PBXBuildFile; fileRef = D236163B26321B20002D44BE /* SearchResults.swift */; };
		D2AACE862638A89400416CB0 /* SearchResultsViewController.swift in Sources */ = {isa = PBXBuildFile; fileRef = D2AACE852638A89400416CB0 /* SearchResultsViewController.swift */; };
		D2AACE932638CE7400416CB0 /* SearchCell.swift in Sources */ = {isa = PBXBuildFile; fileRef = D2AACE922638CE7400416CB0 /* SearchCell.swift */; };
		D2D1802826325E3D00AC9E6A /* TopAnimeTableViewCell.swift in Sources */ = {isa = PBXBuildFile; fileRef = D2D1802726325E3D00AC9E6A /* TopAnimeTableViewCell.swift */; };
		D2D18038263271E000AC9E6A /* DiscoverViewController.swift in Sources */ = {isa = PBXBuildFile; fileRef = D2D18037263271E000AC9E6A /* DiscoverViewController.swift */; };
		DEDDD8CD83C8F04CB604E2A9 /* Pods_My_AnimeTests.framework in Frameworks */ = {isa = PBXBuildFile; fileRef = CA5EDF2B1074F767457D9155 /* Pods_My_AnimeTests.framework */; };
		F88DED681C3571C0DC9CFFD6 /* Pods_My_Anime.framework in Frameworks */ = {isa = PBXBuildFile; fileRef = 16A6021C5D12A95159DFC81D /* Pods_My_Anime.framework */; };
		FC1EDB6D2655CA4800630195 /* AnimeDetailsViewController.swift in Sources */ = {isa = PBXBuildFile; fileRef = FC1EDB6C2655CA4800630195 /* AnimeDetailsViewController.swift */; };
		FC5FBB53263F5EBD00F7779B /* AnimelistViewController.swift in Sources */ = {isa = PBXBuildFile; fileRef = FC5FBB52263F5EBD00F7779B /* AnimelistViewController.swift */; };
		FC7C7D6A263F03D300CD7179 /* DataModel.swift in Sources */ = {isa = PBXBuildFile; fileRef = FC7C7D69263F03D300CD7179 /* DataModel.swift */; };
		FC7C7D6C263F043C00CD7179 /* Animelist.swift in Sources */ = {isa = PBXBuildFile; fileRef = FC7C7D6B263F043C00CD7179 /* Animelist.swift */; };
		FC7C7D6E263F059B00CD7179 /* AnimelistItem.swift in Sources */ = {isa = PBXBuildFile; fileRef = FC7C7D6D263F059B00CD7179 /* AnimelistItem.swift */; };
		FC7C7D72263F0D5B00CD7179 /* AllAnimelistsTableViewController.swift in Sources */ = {isa = PBXBuildFile; fileRef = FC7C7D71263F0D5B00CD7179 /* AllAnimelistsTableViewController.swift */; };
/* End PBXBuildFile section */

/* Begin PBXContainerItemProxy section */
		D23615D72631EE77002D44BE /* PBXContainerItemProxy */ = {
			isa = PBXContainerItemProxy;
			containerPortal = D23615B82631EE73002D44BE /* Project object */;
			proxyType = 1;
			remoteGlobalIDString = D23615BF2631EE73002D44BE;
			remoteInfo = "My Anime";
		};
		D23615E22631EE77002D44BE /* PBXContainerItemProxy */ = {
			isa = PBXContainerItemProxy;
			containerPortal = D23615B82631EE73002D44BE /* Project object */;
			proxyType = 1;
			remoteGlobalIDString = D23615BF2631EE73002D44BE;
			remoteInfo = "My Anime";
		};
/* End PBXContainerItemProxy section */

/* Begin PBXFileReference section */
		021224BF76EBAC8E2FB41E51 /* Pods_My_AnimeUITests.framework */ = {isa = PBXFileReference; explicitFileType = wrapper.framework; includeInIndex = 0; path = Pods_My_AnimeUITests.framework; sourceTree = BUILT_PRODUCTS_DIR; };
		07806CD048D055ED63551723 /* Pods-My AnimeTests.debug.xcconfig */ = {isa = PBXFileReference; includeInIndex = 1; lastKnownFileType = text.xcconfig; name = "Pods-My AnimeTests.debug.xcconfig"; path = "Pods/Target Support Files/Pods-My AnimeTests/Pods-My AnimeTests.debug.xcconfig"; sourceTree = "<group>"; };
		16A6021C5D12A95159DFC81D /* Pods_My_Anime.framework */ = {isa = PBXFileReference; explicitFileType = wrapper.framework; includeInIndex = 0; path = Pods_My_Anime.framework; sourceTree = BUILT_PRODUCTS_DIR; };
		22A97B9F31EC769F9905F45E /* Pods-My AnimeUITests.release.xcconfig */ = {isa = PBXFileReference; includeInIndex = 1; lastKnownFileType = text.xcconfig; name = "Pods-My AnimeUITests.release.xcconfig"; path = "Pods/Target Support Files/Pods-My AnimeUITests/Pods-My AnimeUITests.release.xcconfig"; sourceTree = "<group>"; };
		2E426F5DB0129BE963512BA8 /* Pods-My Anime.debug.xcconfig */ = {isa = PBXFileReference; includeInIndex = 1; lastKnownFileType = text.xcconfig; name = "Pods-My Anime.debug.xcconfig"; path = "Pods/Target Support Files/Pods-My Anime/Pods-My Anime.debug.xcconfig"; sourceTree = "<group>"; };
		34AABEAC26DA3355DC366CBB /* Pods-My AnimeTests.release.xcconfig */ = {isa = PBXFileReference; includeInIndex = 1; lastKnownFileType = text.xcconfig; name = "Pods-My AnimeTests.release.xcconfig"; path = "Pods/Target Support Files/Pods-My AnimeTests/Pods-My AnimeTests.release.xcconfig"; sourceTree = "<group>"; };
		9B38504597AF2C158B0CE4A2 /* Pods-My AnimeUITests.debug.xcconfig */ = {isa = PBXFileReference; includeInIndex = 1; lastKnownFileType = text.xcconfig; name = "Pods-My AnimeUITests.debug.xcconfig"; path = "Pods/Target Support Files/Pods-My AnimeUITests/Pods-My AnimeUITests.debug.xcconfig"; sourceTree = "<group>"; };
		CA5EDF2B1074F767457D9155 /* Pods_My_AnimeTests.framework */ = {isa = PBXFileReference; explicitFileType = wrapper.framework; includeInIndex = 0; path = Pods_My_AnimeTests.framework; sourceTree = BUILT_PRODUCTS_DIR; };
		D21D7677265CB238006DA7B5 /* synopsis.swift */ = {isa = PBXFileReference; lastKnownFileType = sourcecode.swift; path = synopsis.swift; sourceTree = "<group>"; };
		D21D767C265CE6C4006DA7B5 /* APICaller.swift */ = {isa = PBXFileReference; lastKnownFileType = sourcecode.swift; path = APICaller.swift; sourceTree = "<group>"; };
		D235AA022650B2BF00BA5F2A /* AnimelistItemCell.swift */ = {isa = PBXFileReference; lastKnownFileType = sourcecode.swift; path = AnimelistItemCell.swift; sourceTree = "<group>"; };
		D23615C02631EE73002D44BE /* My Anime.app */ = {isa = PBXFileReference; explicitFileType = wrapper.application; includeInIndex = 0; path = "My Anime.app"; sourceTree = BUILT_PRODUCTS_DIR; };
		D23615C32631EE73002D44BE /* AppDelegate.swift */ = {isa = PBXFileReference; lastKnownFileType = sourcecode.swift; path = AppDelegate.swift; sourceTree = "<group>"; };
		D23615C52631EE73002D44BE /* SceneDelegate.swift */ = {isa = PBXFileReference; lastKnownFileType = sourcecode.swift; path = SceneDelegate.swift; sourceTree = "<group>"; };
		D23615C72631EE73002D44BE /* ViewController.swift */ = {isa = PBXFileReference; lastKnownFileType = sourcecode.swift; path = ViewController.swift; sourceTree = "<group>"; };
		D23615CA2631EE73002D44BE /* Base */ = {isa = PBXFileReference; lastKnownFileType = file.storyboard; name = Base; path = Base.lproj/Main.storyboard; sourceTree = "<group>"; };
		D23615CC2631EE77002D44BE /* Assets.xcassets */ = {isa = PBXFileReference; lastKnownFileType = folder.assetcatalog; path = Assets.xcassets; sourceTree = "<group>"; };
		D23615CF2631EE77002D44BE /* Base */ = {isa = PBXFileReference; lastKnownFileType = file.storyboard; name = Base; path = Base.lproj/LaunchScreen.storyboard; sourceTree = "<group>"; };
		D23615D12631EE77002D44BE /* Info.plist */ = {isa = PBXFileReference; lastKnownFileType = text.plist.xml; path = Info.plist; sourceTree = "<group>"; };
		D23615D62631EE77002D44BE /* My AnimeTests.xctest */ = {isa = PBXFileReference; explicitFileType = wrapper.cfbundle; includeInIndex = 0; path = "My AnimeTests.xctest"; sourceTree = BUILT_PRODUCTS_DIR; };
		D23615DA2631EE77002D44BE /* My_AnimeTests.swift */ = {isa = PBXFileReference; lastKnownFileType = sourcecode.swift; path = My_AnimeTests.swift; sourceTree = "<group>"; };
		D23615DC2631EE77002D44BE /* Info.plist */ = {isa = PBXFileReference; lastKnownFileType = text.plist.xml; path = Info.plist; sourceTree = "<group>"; };
		D23615E12631EE77002D44BE /* My AnimeUITests.xctest */ = {isa = PBXFileReference; explicitFileType = wrapper.cfbundle; includeInIndex = 0; path = "My AnimeUITests.xctest"; sourceTree = BUILT_PRODUCTS_DIR; };
		D23615E52631EE77002D44BE /* My_AnimeUITests.swift */ = {isa = PBXFileReference; lastKnownFileType = sourcecode.swift; path = My_AnimeUITests.swift; sourceTree = "<group>"; };
		D23615E72631EE77002D44BE /* Info.plist */ = {isa = PBXFileReference; lastKnownFileType = text.plist.xml; path = Info.plist; sourceTree = "<group>"; };
		D236162026320DE9002D44BE /* AnimeFromTop.swift */ = {isa = PBXFileReference; lastKnownFileType = sourcecode.swift; path = AnimeFromTop.swift; sourceTree = "<group>"; };
		D2361625263212E2002D44BE /* AnimeFromSearch.swift */ = {isa = PBXFileReference; lastKnownFileType = sourcecode.swift; path = AnimeFromSearch.swift; sourceTree = "<group>"; };
		D236163626321AE4002D44BE /* TopAnimes.swift */ = {isa = PBXFileReference; lastKnownFileType = sourcecode.swift; path = TopAnimes.swift; sourceTree = "<group>"; };
		D236163B26321B20002D44BE /* SearchResults.swift */ = {isa = PBXFileReference; lastKnownFileType = sourcecode.swift; path = SearchResults.swift; sourceTree = "<group>"; };
		D2AACE852638A89400416CB0 /* SearchResultsViewController.swift */ = {isa = PBXFileReference; lastKnownFileType = sourcecode.swift; path = SearchResultsViewController.swift; sourceTree = "<group>"; };
		D2AACE922638CE7400416CB0 /* SearchCell.swift */ = {isa = PBXFileReference; lastKnownFileType = sourcecode.swift; path = SearchCell.swift; sourceTree = "<group>"; };
		D2D1802726325E3D00AC9E6A /* TopAnimeTableViewCell.swift */ = {isa = PBXFileReference; lastKnownFileType = sourcecode.swift; path = TopAnimeTableViewCell.swift; sourceTree = "<group>"; };
		D2D18037263271E000AC9E6A /* DiscoverViewController.swift */ = {isa = PBXFileReference; lastKnownFileType = sourcecode.swift; path = DiscoverViewController.swift; sourceTree = "<group>"; };
		F14E6AC8C89AC0A0627488C8 /* Pods-My Anime.release.xcconfig */ = {isa = PBXFileReference; includeInIndex = 1; lastKnownFileType = text.xcconfig; name = "Pods-My Anime.release.xcconfig"; path = "Pods/Target Support Files/Pods-My Anime/Pods-My Anime.release.xcconfig"; sourceTree = "<group>"; };
		FC1EDB6C2655CA4800630195 /* AnimeDetailsViewController.swift */ = {isa = PBXFileReference; lastKnownFileType = sourcecode.swift; path = AnimeDetailsViewController.swift; sourceTree = "<group>"; };
		FC5FBB52263F5EBD00F7779B /* AnimelistViewController.swift */ = {isa = PBXFileReference; lastKnownFileType = sourcecode.swift; path = AnimelistViewController.swift; sourceTree = "<group>"; };
		FC7C7D69263F03D300CD7179 /* DataModel.swift */ = {isa = PBXFileReference; lastKnownFileType = sourcecode.swift; path = DataModel.swift; sourceTree = "<group>"; };
		FC7C7D6B263F043C00CD7179 /* Animelist.swift */ = {isa = PBXFileReference; lastKnownFileType = sourcecode.swift; path = Animelist.swift; sourceTree = "<group>"; };
		FC7C7D6D263F059B00CD7179 /* AnimelistItem.swift */ = {isa = PBXFileReference; lastKnownFileType = sourcecode.swift; path = AnimelistItem.swift; sourceTree = "<group>"; };
		FC7C7D71263F0D5B00CD7179 /* AllAnimelistsTableViewController.swift */ = {isa = PBXFileReference; lastKnownFileType = sourcecode.swift; path = AllAnimelistsTableViewController.swift; sourceTree = "<group>"; };
/* End PBXFileReference section */

/* Begin PBXFrameworksBuildPhase section */
		D23615BD2631EE73002D44BE /* Frameworks */ = {
			isa = PBXFrameworksBuildPhase;
			buildActionMask = 2147483647;
			files = (
				F88DED681C3571C0DC9CFFD6 /* Pods_My_Anime.framework in Frameworks */,
			);
			runOnlyForDeploymentPostprocessing = 0;
		};
		D23615D32631EE77002D44BE /* Frameworks */ = {
			isa = PBXFrameworksBuildPhase;
			buildActionMask = 2147483647;
			files = (
				DEDDD8CD83C8F04CB604E2A9 /* Pods_My_AnimeTests.framework in Frameworks */,
			);
			runOnlyForDeploymentPostprocessing = 0;
		};
		D23615DE2631EE77002D44BE /* Frameworks */ = {
			isa = PBXFrameworksBuildPhase;
			buildActionMask = 2147483647;
			files = (
				3BBF30A35C66260E68B42095 /* Pods_My_AnimeUITests.framework in Frameworks */,
			);
			runOnlyForDeploymentPostprocessing = 0;
		};
/* End PBXFrameworksBuildPhase section */

/* Begin PBXGroup section */
		B481CAB722398B65A57199F0 /* Frameworks */ = {
			isa = PBXGroup;
			children = (
				16A6021C5D12A95159DFC81D /* Pods_My_Anime.framework */,
				CA5EDF2B1074F767457D9155 /* Pods_My_AnimeTests.framework */,
				021224BF76EBAC8E2FB41E51 /* Pods_My_AnimeUITests.framework */,
			);
			name = Frameworks;
			sourceTree = "<group>";
		};
		D23615B72631EE73002D44BE = {
			isa = PBXGroup;
			children = (
				D23615C22631EE73002D44BE /* My Anime */,
				D23615D92631EE77002D44BE /* My AnimeTests */,
				D23615E42631EE77002D44BE /* My AnimeUITests */,
				D23615C12631EE73002D44BE /* Products */,
				ECBFA2FE92D0B641A603A0FD /* Pods */,
				B481CAB722398B65A57199F0 /* Frameworks */,
			);
			sourceTree = "<group>";
		};
		D23615C12631EE73002D44BE /* Products */ = {
			isa = PBXGroup;
			children = (
				D23615C02631EE73002D44BE /* My Anime.app */,
				D23615D62631EE77002D44BE /* My AnimeTests.xctest */,
				D23615E12631EE77002D44BE /* My AnimeUITests.xctest */,
			);
			name = Products;
			sourceTree = "<group>";
		};
		D23615C22631EE73002D44BE /* My Anime */ = {
			isa = PBXGroup;
			children = (
				D23615F62631FB8F002D44BE /* Data Models */,
				D2D1801926325CD700AC9E6A /* View Controllers */,
				D23615C32631EE73002D44BE /* AppDelegate.swift */,
				D23615C52631EE73002D44BE /* SceneDelegate.swift */,
				D23615C72631EE73002D44BE /* ViewController.swift */,
				D23615C92631EE73002D44BE /* Main.storyboard */,
				D23615CC2631EE77002D44BE /* Assets.xcassets */,
				D23615CE2631EE77002D44BE /* LaunchScreen.storyboard */,
				D23615D12631EE77002D44BE /* Info.plist */,
			);
			path = "My Anime";
			sourceTree = "<group>";
		};
		D23615D92631EE77002D44BE /* My AnimeTests */ = {
			isa = PBXGroup;
			children = (
				D23615DA2631EE77002D44BE /* My_AnimeTests.swift */,
				D23615DC2631EE77002D44BE /* Info.plist */,
			);
			path = "My AnimeTests";
			sourceTree = "<group>";
		};
		D23615E42631EE77002D44BE /* My AnimeUITests */ = {
			isa = PBXGroup;
			children = (
				D23615E52631EE77002D44BE /* My_AnimeUITests.swift */,
				D23615E72631EE77002D44BE /* Info.plist */,
			);
			path = "My AnimeUITests";
			sourceTree = "<group>";
		};
		D23615F62631FB8F002D44BE /* Data Models */ = {
			isa = PBXGroup;
			children = (
				D2361625263212E2002D44BE /* AnimeFromSearch.swift */,
				D236163B26321B20002D44BE /* SearchResults.swift */,
				D236162026320DE9002D44BE /* AnimeFromTop.swift */,
				D236163626321AE4002D44BE /* TopAnimes.swift */,
				FC7C7D69263F03D300CD7179 /* DataModel.swift */,
				FC7C7D6B263F043C00CD7179 /* Animelist.swift */,
				FC7C7D6D263F059B00CD7179 /* AnimelistItem.swift */,
				D21D7677265CB238006DA7B5 /* synopsis.swift */,
				D21D767C265CE6C4006DA7B5 /* APICaller.swift */,
			);
			path = "Data Models";
			sourceTree = "<group>";
		};
		D2D1801926325CD700AC9E6A /* View Controllers */ = {
			isa = PBXGroup;
			children = (
				D2D1802726325E3D00AC9E6A /* TopAnimeTableViewCell.swift */,
				D2D18037263271E000AC9E6A /* DiscoverViewController.swift */,
				FC1EDB6C2655CA4800630195 /* AnimeDetailsViewController.swift */,
				D2AACE852638A89400416CB0 /* SearchResultsViewController.swift */,
				D2AACE922638CE7400416CB0 /* SearchCell.swift */,
				FC7C7D71263F0D5B00CD7179 /* AllAnimelistsTableViewController.swift */,
				FC5FBB52263F5EBD00F7779B /* AnimelistViewController.swift */,
				D235AA022650B2BF00BA5F2A /* AnimelistItemCell.swift */,
			);
			path = "View Controllers";
			sourceTree = "<group>";
		};
		ECBFA2FE92D0B641A603A0FD /* Pods */ = {
			isa = PBXGroup;
			children = (
				2E426F5DB0129BE963512BA8 /* Pods-My Anime.debug.xcconfig */,
				F14E6AC8C89AC0A0627488C8 /* Pods-My Anime.release.xcconfig */,
				07806CD048D055ED63551723 /* Pods-My AnimeTests.debug.xcconfig */,
				34AABEAC26DA3355DC366CBB /* Pods-My AnimeTests.release.xcconfig */,
				9B38504597AF2C158B0CE4A2 /* Pods-My AnimeUITests.debug.xcconfig */,
				22A97B9F31EC769F9905F45E /* Pods-My AnimeUITests.release.xcconfig */,
			);
			name = Pods;
			sourceTree = "<group>";
		};
/* End PBXGroup section */

/* Begin PBXNativeTarget section */
		D23615BF2631EE73002D44BE /* My Anime */ = {
			isa = PBXNativeTarget;
			buildConfigurationList = D23615EA2631EE78002D44BE /* Build configuration list for PBXNativeTarget "My Anime" */;
			buildPhases = (
				BAB250E821114B8C412FF9AE /* [CP] Check Pods Manifest.lock */,
				D23615BC2631EE73002D44BE /* Sources */,
				D23615BD2631EE73002D44BE /* Frameworks */,
				D23615BE2631EE73002D44BE /* Resources */,
				681189CA10FA7BC416F33B31 /* [CP] Embed Pods Frameworks */,
			);
			buildRules = (
			);
			dependencies = (
			);
			name = "My Anime";
			productName = "My Anime";
			productReference = D23615C02631EE73002D44BE /* My Anime.app */;
			productType = "com.apple.product-type.application";
		};
		D23615D52631EE77002D44BE /* My AnimeTests */ = {
			isa = PBXNativeTarget;
			buildConfigurationList = D23615ED2631EE78002D44BE /* Build configuration list for PBXNativeTarget "My AnimeTests" */;
			buildPhases = (
				7BE5B771772978BABA2F19FE /* [CP] Check Pods Manifest.lock */,
				D23615D22631EE77002D44BE /* Sources */,
				D23615D32631EE77002D44BE /* Frameworks */,
				D23615D42631EE77002D44BE /* Resources */,
			);
			buildRules = (
			);
			dependencies = (
				D23615D82631EE77002D44BE /* PBXTargetDependency */,
			);
			name = "My AnimeTests";
			productName = "My AnimeTests";
			productReference = D23615D62631EE77002D44BE /* My AnimeTests.xctest */;
			productType = "com.apple.product-type.bundle.unit-test";
		};
		D23615E02631EE77002D44BE /* My AnimeUITests */ = {
			isa = PBXNativeTarget;
			buildConfigurationList = D23615F02631EE78002D44BE /* Build configuration list for PBXNativeTarget "My AnimeUITests" */;
			buildPhases = (
				16FA06C1CA220A3DF0A5D84A /* [CP] Check Pods Manifest.lock */,
				D23615DD2631EE77002D44BE /* Sources */,
				D23615DE2631EE77002D44BE /* Frameworks */,
				D23615DF2631EE77002D44BE /* Resources */,
			);
			buildRules = (
			);
			dependencies = (
				D23615E32631EE77002D44BE /* PBXTargetDependency */,
			);
			name = "My AnimeUITests";
			productName = "My AnimeUITests";
			productReference = D23615E12631EE77002D44BE /* My AnimeUITests.xctest */;
			productType = "com.apple.product-type.bundle.ui-testing";
		};
/* End PBXNativeTarget section */

/* Begin PBXProject section */
		D23615B82631EE73002D44BE /* Project object */ = {
			isa = PBXProject;
			attributes = {
				LastSwiftUpdateCheck = 1230;
				LastUpgradeCheck = 1230;
				TargetAttributes = {
					D23615BF2631EE73002D44BE = {
						CreatedOnToolsVersion = 12.3;
					};
					D23615D52631EE77002D44BE = {
						CreatedOnToolsVersion = 12.3;
						TestTargetID = D23615BF2631EE73002D44BE;
					};
					D23615E02631EE77002D44BE = {
						CreatedOnToolsVersion = 12.3;
						TestTargetID = D23615BF2631EE73002D44BE;
					};
				};
			};
			buildConfigurationList = D23615BB2631EE73002D44BE /* Build configuration list for PBXProject "My Anime" */;
			compatibilityVersion = "Xcode 9.3";
			developmentRegion = en;
			hasScannedForEncodings = 0;
			knownRegions = (
				en,
				Base,
			);
			mainGroup = D23615B72631EE73002D44BE;
			productRefGroup = D23615C12631EE73002D44BE /* Products */;
			projectDirPath = "";
			projectRoot = "";
			targets = (
				D23615BF2631EE73002D44BE /* My Anime */,
				D23615D52631EE77002D44BE /* My AnimeTests */,
				D23615E02631EE77002D44BE /* My AnimeUITests */,
			);
		};
/* End PBXProject section */

/* Begin PBXResourcesBuildPhase section */
		D23615BE2631EE73002D44BE /* Resources */ = {
			isa = PBXResourcesBuildPhase;
			buildActionMask = 2147483647;
			files = (
				D23615D02631EE77002D44BE /* LaunchScreen.storyboard in Resources */,
				D23615CD2631EE77002D44BE /* Assets.xcassets in Resources */,
				D23615CB2631EE73002D44BE /* Main.storyboard in Resources */,
			);
			runOnlyForDeploymentPostprocessing = 0;
		};
		D23615D42631EE77002D44BE /* Resources */ = {
			isa = PBXResourcesBuildPhase;
			buildActionMask = 2147483647;
			files = (
			);
			runOnlyForDeploymentPostprocessing = 0;
		};
		D23615DF2631EE77002D44BE /* Resources */ = {
			isa = PBXResourcesBuildPhase;
			buildActionMask = 2147483647;
			files = (
			);
			runOnlyForDeploymentPostprocessing = 0;
		};
/* End PBXResourcesBuildPhase section */

/* Begin PBXShellScriptBuildPhase section */
		16FA06C1CA220A3DF0A5D84A /* [CP] Check Pods Manifest.lock */ = {
			isa = PBXShellScriptBuildPhase;
			buildActionMask = 2147483647;
			files = (
			);
			inputPaths = (
				"${PODS_PODFILE_DIR_PATH}/Podfile.lock",
				"${PODS_ROOT}/Manifest.lock",
			);
			name = "[CP] Check Pods Manifest.lock";
			outputPaths = (
				"$(DERIVED_FILE_DIR)/Pods-My AnimeUITests-checkManifestLockResult.txt",
			);
			runOnlyForDeploymentPostprocessing = 0;
			shellPath = /bin/sh;
			shellScript = "diff \"${PODS_PODFILE_DIR_PATH}/Podfile.lock\" \"${PODS_ROOT}/Manifest.lock\" > /dev/null\nif [ $? != 0 ] ; then\n    # print error to STDERR\n    echo \"error: The sandbox is not in sync with the Podfile.lock. Run 'pod install' or update your CocoaPods installation.\" >&2\n    exit 1\nfi\n# This output is used by Xcode 'outputs' to avoid re-running this script phase.\necho \"SUCCESS\" > \"${SCRIPT_OUTPUT_FILE_0}\"\n";
			showEnvVarsInLog = 0;
		};
		681189CA10FA7BC416F33B31 /* [CP] Embed Pods Frameworks */ = {
			isa = PBXShellScriptBuildPhase;
			buildActionMask = 2147483647;
			files = (
			);
			inputPaths = (
				"${SRCROOT}/Pods/Target Support Files/Pods-My Anime/Pods-My Anime-frameworks.sh",
				"${BUILT_PRODUCTS_DIR}/Alamofire/Alamofire.framework",
				"${BUILT_PRODUCTS_DIR}/AlamofireImage/AlamofireImage.framework",
			);
			name = "[CP] Embed Pods Frameworks";
			outputPaths = (
				"${TARGET_BUILD_DIR}/${FRAMEWORKS_FOLDER_PATH}/Alamofire.framework",
				"${TARGET_BUILD_DIR}/${FRAMEWORKS_FOLDER_PATH}/AlamofireImage.framework",
			);
			runOnlyForDeploymentPostprocessing = 0;
			shellPath = /bin/sh;
			shellScript = "\"${SRCROOT}/Pods/Target Support Files/Pods-My Anime/Pods-My Anime-frameworks.sh\"\n";
			showEnvVarsInLog = 0;
		};
		7BE5B771772978BABA2F19FE /* [CP] Check Pods Manifest.lock */ = {
			isa = PBXShellScriptBuildPhase;
			buildActionMask = 2147483647;
			files = (
			);
			inputPaths = (
				"${PODS_PODFILE_DIR_PATH}/Podfile.lock",
				"${PODS_ROOT}/Manifest.lock",
			);
			name = "[CP] Check Pods Manifest.lock";
			outputPaths = (
				"$(DERIVED_FILE_DIR)/Pods-My AnimeTests-checkManifestLockResult.txt",
			);
			runOnlyForDeploymentPostprocessing = 0;
			shellPath = /bin/sh;
			shellScript = "diff \"${PODS_PODFILE_DIR_PATH}/Podfile.lock\" \"${PODS_ROOT}/Manifest.lock\" > /dev/null\nif [ $? != 0 ] ; then\n    # print error to STDERR\n    echo \"error: The sandbox is not in sync with the Podfile.lock. Run 'pod install' or update your CocoaPods installation.\" >&2\n    exit 1\nfi\n# This output is used by Xcode 'outputs' to avoid re-running this script phase.\necho \"SUCCESS\" > \"${SCRIPT_OUTPUT_FILE_0}\"\n";
			showEnvVarsInLog = 0;
		};
		BAB250E821114B8C412FF9AE /* [CP] Check Pods Manifest.lock */ = {
			isa = PBXShellScriptBuildPhase;
			buildActionMask = 2147483647;
			files = (
			);
			inputPaths = (
				"${PODS_PODFILE_DIR_PATH}/Podfile.lock",
				"${PODS_ROOT}/Manifest.lock",
			);
			name = "[CP] Check Pods Manifest.lock";
			outputPaths = (
				"$(DERIVED_FILE_DIR)/Pods-My Anime-checkManifestLockResult.txt",
			);
			runOnlyForDeploymentPostprocessing = 0;
			shellPath = /bin/sh;
			shellScript = "diff \"${PODS_PODFILE_DIR_PATH}/Podfile.lock\" \"${PODS_ROOT}/Manifest.lock\" > /dev/null\nif [ $? != 0 ] ; then\n    # print error to STDERR\n    echo \"error: The sandbox is not in sync with the Podfile.lock. Run 'pod install' or update your CocoaPods installation.\" >&2\n    exit 1\nfi\n# This output is used by Xcode 'outputs' to avoid re-running this script phase.\necho \"SUCCESS\" > \"${SCRIPT_OUTPUT_FILE_0}\"\n";
			showEnvVarsInLog = 0;
		};
/* End PBXShellScriptBuildPhase section */

/* Begin PBXSourcesBuildPhase section */
		D23615BC2631EE73002D44BE /* Sources */ = {
			isa = PBXSourcesBuildPhase;
			buildActionMask = 2147483647;
			files = (
				D21D7678265CB238006DA7B5 /* synopsis.swift in Sources */,
				D23615C82631EE73002D44BE /* ViewController.swift in Sources */,
				D2AACE932638CE7400416CB0 /* SearchCell.swift in Sources */,
				D21D767D265CE6C4006DA7B5 /* APICaller.swift in Sources */,
				D23615C42631EE73002D44BE /* AppDelegate.swift in Sources */,
				D2D1802826325E3D00AC9E6A /* TopAnimeTableViewCell.swift in Sources */,
				D236163726321AE4002D44BE /* TopAnimes.swift in Sources */,
				FC7C7D6C263F043C00CD7179 /* Animelist.swift in Sources */,
				D235AA032650B2BF00BA5F2A /* AnimelistItemCell.swift in Sources */,
				FC7C7D6A263F03D300CD7179 /* DataModel.swift in Sources */,
				FC1EDB6D2655CA4800630195 /* AnimeDetailsViewController.swift in Sources */,
				D236162126320DE9002D44BE /* AnimeFromTop.swift in Sources */,
				D236163C26321B20002D44BE /* SearchResults.swift in Sources */,
				FC7C7D72263F0D5B00CD7179 /* AllAnimelistsTableViewController.swift in Sources */,
				D23615C62631EE73002D44BE /* SceneDelegate.swift in Sources */,
				D2D18038263271E000AC9E6A /* DiscoverViewController.swift in Sources */,
				FC7C7D6E263F059B00CD7179 /* AnimelistItem.swift in Sources */,
				FC5FBB53263F5EBD00F7779B /* AnimelistViewController.swift in Sources */,
				D2361626263212E2002D44BE /* AnimeFromSearch.swift in Sources */,
				D2AACE862638A89400416CB0 /* SearchResultsViewController.swift in Sources */,
			);
			runOnlyForDeploymentPostprocessing = 0;
		};
		D23615D22631EE77002D44BE /* Sources */ = {
			isa = PBXSourcesBuildPhase;
			buildActionMask = 2147483647;
			files = (
				D23615DB2631EE77002D44BE /* My_AnimeTests.swift in Sources */,
			);
			runOnlyForDeploymentPostprocessing = 0;
		};
		D23615DD2631EE77002D44BE /* Sources */ = {
			isa = PBXSourcesBuildPhase;
			buildActionMask = 2147483647;
			files = (
				D23615E62631EE77002D44BE /* My_AnimeUITests.swift in Sources */,
			);
			runOnlyForDeploymentPostprocessing = 0;
		};
/* End PBXSourcesBuildPhase section */

/* Begin PBXTargetDependency section */
		D23615D82631EE77002D44BE /* PBXTargetDependency */ = {
			isa = PBXTargetDependency;
			target = D23615BF2631EE73002D44BE /* My Anime */;
			targetProxy = D23615D72631EE77002D44BE /* PBXContainerItemProxy */;
		};
		D23615E32631EE77002D44BE /* PBXTargetDependency */ = {
			isa = PBXTargetDependency;
			target = D23615BF2631EE73002D44BE /* My Anime */;
			targetProxy = D23615E22631EE77002D44BE /* PBXContainerItemProxy */;
		};
/* End PBXTargetDependency section */

/* Begin PBXVariantGroup section */
		D23615C92631EE73002D44BE /* Main.storyboard */ = {
			isa = PBXVariantGroup;
			children = (
				D23615CA2631EE73002D44BE /* Base */,
			);
			name = Main.storyboard;
			sourceTree = "<group>";
		};
		D23615CE2631EE77002D44BE /* LaunchScreen.storyboard */ = {
			isa = PBXVariantGroup;
			children = (
				D23615CF2631EE77002D44BE /* Base */,
			);
			name = LaunchScreen.storyboard;
			sourceTree = "<group>";
		};
/* End PBXVariantGroup section */

/* Begin XCBuildConfiguration section */
		D23615E82631EE78002D44BE /* Debug */ = {
			isa = XCBuildConfiguration;
			buildSettings = {
				ALWAYS_SEARCH_USER_PATHS = NO;
				CLANG_ANALYZER_NONNULL = YES;
				CLANG_ANALYZER_NUMBER_OBJECT_CONVERSION = YES_AGGRESSIVE;
				CLANG_CXX_LANGUAGE_STANDARD = "gnu++14";
				CLANG_CXX_LIBRARY = "libc++";
				CLANG_ENABLE_MODULES = YES;
				CLANG_ENABLE_OBJC_ARC = YES;
				CLANG_ENABLE_OBJC_WEAK = YES;
				CLANG_WARN_BLOCK_CAPTURE_AUTORELEASING = YES;
				CLANG_WARN_BOOL_CONVERSION = YES;
				CLANG_WARN_COMMA = YES;
				CLANG_WARN_CONSTANT_CONVERSION = YES;
				CLANG_WARN_DEPRECATED_OBJC_IMPLEMENTATIONS = YES;
				CLANG_WARN_DIRECT_OBJC_ISA_USAGE = YES_ERROR;
				CLANG_WARN_DOCUMENTATION_COMMENTS = YES;
				CLANG_WARN_EMPTY_BODY = YES;
				CLANG_WARN_ENUM_CONVERSION = YES;
				CLANG_WARN_INFINITE_RECURSION = YES;
				CLANG_WARN_INT_CONVERSION = YES;
				CLANG_WARN_NON_LITERAL_NULL_CONVERSION = YES;
				CLANG_WARN_OBJC_IMPLICIT_RETAIN_SELF = YES;
				CLANG_WARN_OBJC_LITERAL_CONVERSION = YES;
				CLANG_WARN_OBJC_ROOT_CLASS = YES_ERROR;
				CLANG_WARN_QUOTED_INCLUDE_IN_FRAMEWORK_HEADER = YES;
				CLANG_WARN_RANGE_LOOP_ANALYSIS = YES;
				CLANG_WARN_STRICT_PROTOTYPES = YES;
				CLANG_WARN_SUSPICIOUS_MOVE = YES;
				CLANG_WARN_UNGUARDED_AVAILABILITY = YES_AGGRESSIVE;
				CLANG_WARN_UNREACHABLE_CODE = YES;
				CLANG_WARN__DUPLICATE_METHOD_MATCH = YES;
				COPY_PHASE_STRIP = NO;
				DEBUG_INFORMATION_FORMAT = dwarf;
				ENABLE_STRICT_OBJC_MSGSEND = YES;
				ENABLE_TESTABILITY = YES;
				GCC_C_LANGUAGE_STANDARD = gnu11;
				GCC_DYNAMIC_NO_PIC = NO;
				GCC_NO_COMMON_BLOCKS = YES;
				GCC_OPTIMIZATION_LEVEL = 0;
				GCC_PREPROCESSOR_DEFINITIONS = (
					"DEBUG=1",
					"$(inherited)",
				);
				GCC_WARN_64_TO_32_BIT_CONVERSION = YES;
				GCC_WARN_ABOUT_RETURN_TYPE = YES_ERROR;
				GCC_WARN_UNDECLARED_SELECTOR = YES;
				GCC_WARN_UNINITIALIZED_AUTOS = YES_AGGRESSIVE;
				GCC_WARN_UNUSED_FUNCTION = YES;
				GCC_WARN_UNUSED_VARIABLE = YES;
				IPHONEOS_DEPLOYMENT_TARGET = 14.3;
				MTL_ENABLE_DEBUG_INFO = INCLUDE_SOURCE;
				MTL_FAST_MATH = YES;
				ONLY_ACTIVE_ARCH = YES;
				SDKROOT = iphoneos;
				SWIFT_ACTIVE_COMPILATION_CONDITIONS = DEBUG;
				SWIFT_OPTIMIZATION_LEVEL = "-Onone";
			};
			name = Debug;
		};
		D23615E92631EE78002D44BE /* Release */ = {
			isa = XCBuildConfiguration;
			buildSettings = {
				ALWAYS_SEARCH_USER_PATHS = NO;
				CLANG_ANALYZER_NONNULL = YES;
				CLANG_ANALYZER_NUMBER_OBJECT_CONVERSION = YES_AGGRESSIVE;
				CLANG_CXX_LANGUAGE_STANDARD = "gnu++14";
				CLANG_CXX_LIBRARY = "libc++";
				CLANG_ENABLE_MODULES = YES;
				CLANG_ENABLE_OBJC_ARC = YES;
				CLANG_ENABLE_OBJC_WEAK = YES;
				CLANG_WARN_BLOCK_CAPTURE_AUTORELEASING = YES;
				CLANG_WARN_BOOL_CONVERSION = YES;
				CLANG_WARN_COMMA = YES;
				CLANG_WARN_CONSTANT_CONVERSION = YES;
				CLANG_WARN_DEPRECATED_OBJC_IMPLEMENTATIONS = YES;
				CLANG_WARN_DIRECT_OBJC_ISA_USAGE = YES_ERROR;
				CLANG_WARN_DOCUMENTATION_COMMENTS = YES;
				CLANG_WARN_EMPTY_BODY = YES;
				CLANG_WARN_ENUM_CONVERSION = YES;
				CLANG_WARN_INFINITE_RECURSION = YES;
				CLANG_WARN_INT_CONVERSION = YES;
				CLANG_WARN_NON_LITERAL_NULL_CONVERSION = YES;
				CLANG_WARN_OBJC_IMPLICIT_RETAIN_SELF = YES;
				CLANG_WARN_OBJC_LITERAL_CONVERSION = YES;
				CLANG_WARN_OBJC_ROOT_CLASS = YES_ERROR;
				CLANG_WARN_QUOTED_INCLUDE_IN_FRAMEWORK_HEADER = YES;
				CLANG_WARN_RANGE_LOOP_ANALYSIS = YES;
				CLANG_WARN_STRICT_PROTOTYPES = YES;
				CLANG_WARN_SUSPICIOUS_MOVE = YES;
				CLANG_WARN_UNGUARDED_AVAILABILITY = YES_AGGRESSIVE;
				CLANG_WARN_UNREACHABLE_CODE = YES;
				CLANG_WARN__DUPLICATE_METHOD_MATCH = YES;
				COPY_PHASE_STRIP = NO;
				DEBUG_INFORMATION_FORMAT = "dwarf-with-dsym";
				ENABLE_NS_ASSERTIONS = NO;
				ENABLE_STRICT_OBJC_MSGSEND = YES;
				GCC_C_LANGUAGE_STANDARD = gnu11;
				GCC_NO_COMMON_BLOCKS = YES;
				GCC_WARN_64_TO_32_BIT_CONVERSION = YES;
				GCC_WARN_ABOUT_RETURN_TYPE = YES_ERROR;
				GCC_WARN_UNDECLARED_SELECTOR = YES;
				GCC_WARN_UNINITIALIZED_AUTOS = YES_AGGRESSIVE;
				GCC_WARN_UNUSED_FUNCTION = YES;
				GCC_WARN_UNUSED_VARIABLE = YES;
				IPHONEOS_DEPLOYMENT_TARGET = 14.3;
				MTL_ENABLE_DEBUG_INFO = NO;
				MTL_FAST_MATH = YES;
				SDKROOT = iphoneos;
				SWIFT_COMPILATION_MODE = wholemodule;
				SWIFT_OPTIMIZATION_LEVEL = "-O";
				VALIDATE_PRODUCT = YES;
			};
			name = Release;
		};
		D23615EB2631EE78002D44BE /* Debug */ = {
			isa = XCBuildConfiguration;
			baseConfigurationReference = 2E426F5DB0129BE963512BA8 /* Pods-My Anime.debug.xcconfig */;
			buildSettings = {
				ASSETCATALOG_COMPILER_APPICON_NAME = AppIcon;
				ASSETCATALOG_COMPILER_GLOBAL_ACCENT_COLOR_NAME = AccentColor;
				CODE_SIGN_STYLE = Automatic;
				DEVELOPMENT_TEAM = CX2WD59759;
				INFOPLIST_FILE = "My Anime/Info.plist";
				LD_RUNPATH_SEARCH_PATHS = (
					"$(inherited)",
					"@executable_path/Frameworks",
				);
				PRODUCT_BUNDLE_IDENTIFIER = "cher.tsering-icloud.com.My-Anime";
				PRODUCT_NAME = "$(TARGET_NAME)";
				SWIFT_VERSION = 5.0;
				TARGETED_DEVICE_FAMILY = "1,2";
			};
			name = Debug;
		};
		D23615EC2631EE78002D44BE /* Release */ = {
			isa = XCBuildConfiguration;
			baseConfigurationReference = F14E6AC8C89AC0A0627488C8 /* Pods-My Anime.release.xcconfig */;
			buildSettings = {
				ASSETCATALOG_COMPILER_APPICON_NAME = AppIcon;
				ASSETCATALOG_COMPILER_GLOBAL_ACCENT_COLOR_NAME = AccentColor;
				CODE_SIGN_STYLE = Automatic;
				DEVELOPMENT_TEAM = CX2WD59759;
				INFOPLIST_FILE = "My Anime/Info.plist";
				LD_RUNPATH_SEARCH_PATHS = (
					"$(inherited)",
					"@executable_path/Frameworks",
				);
				PRODUCT_BUNDLE_IDENTIFIER = "cher.tsering-icloud.com.My-Anime";
				PRODUCT_NAME = "$(TARGET_NAME)";
				SWIFT_VERSION = 5.0;
				TARGETED_DEVICE_FAMILY = "1,2";
			};
			name = Release;
		};
		D23615EE2631EE78002D44BE /* Debug */ = {
			isa = XCBuildConfiguration;
			baseConfigurationReference = 07806CD048D055ED63551723 /* Pods-My AnimeTests.debug.xcconfig */;
			buildSettings = {
				ALWAYS_EMBED_SWIFT_STANDARD_LIBRARIES = YES;
				BUNDLE_LOADER = "$(TEST_HOST)";
				CODE_SIGN_STYLE = Automatic;
				INFOPLIST_FILE = "My AnimeTests/Info.plist";
				IPHONEOS_DEPLOYMENT_TARGET = 14.3;
				LD_RUNPATH_SEARCH_PATHS = (
					"$(inherited)",
					"@executable_path/Frameworks",
					"@loader_path/Frameworks",
				);
				PRODUCT_BUNDLE_IDENTIFIER = "cher.tsering-icloud.com.My-AnimeTests";
				PRODUCT_NAME = "$(TARGET_NAME)";
				SWIFT_VERSION = 5.0;
				TARGETED_DEVICE_FAMILY = "1,2";
				TEST_HOST = "$(BUILT_PRODUCTS_DIR)/My Anime.app/My Anime";
			};
			name = Debug;
		};
		D23615EF2631EE78002D44BE /* Release */ = {
			isa = XCBuildConfiguration;
			baseConfigurationReference = 34AABEAC26DA3355DC366CBB /* Pods-My AnimeTests.release.xcconfig */;
			buildSettings = {
				ALWAYS_EMBED_SWIFT_STANDARD_LIBRARIES = YES;
				BUNDLE_LOADER = "$(TEST_HOST)";
				CODE_SIGN_STYLE = Automatic;
				INFOPLIST_FILE = "My AnimeTests/Info.plist";
				IPHONEOS_DEPLOYMENT_TARGET = 14.3;
				LD_RUNPATH_SEARCH_PATHS = (
					"$(inherited)",
					"@executable_path/Frameworks",
					"@loader_path/Frameworks",
				);
				PRODUCT_BUNDLE_IDENTIFIER = "cher.tsering-icloud.com.My-AnimeTests";
				PRODUCT_NAME = "$(TARGET_NAME)";
				SWIFT_VERSION = 5.0;
				TARGETED_DEVICE_FAMILY = "1,2";
				TEST_HOST = "$(BUILT_PRODUCTS_DIR)/My Anime.app/My Anime";
			};
			name = Release;
		};
		D23615F12631EE78002D44BE /* Debug */ = {
			isa = XCBuildConfiguration;
			baseConfigurationReference = 9B38504597AF2C158B0CE4A2 /* Pods-My AnimeUITests.debug.xcconfig */;
			buildSettings = {
				ALWAYS_EMBED_SWIFT_STANDARD_LIBRARIES = YES;
				CODE_SIGN_STYLE = Automatic;
				INFOPLIST_FILE = "My AnimeUITests/Info.plist";
				LD_RUNPATH_SEARCH_PATHS = (
					"$(inherited)",
					"@executable_path/Frameworks",
					"@loader_path/Frameworks",
				);
				PRODUCT_BUNDLE_IDENTIFIER = "cher.tsering-icloud.com.My-AnimeUITests";
				PRODUCT_NAME = "$(TARGET_NAME)";
				SWIFT_VERSION = 5.0;
				TARGETED_DEVICE_FAMILY = "1,2";
				TEST_TARGET_NAME = "My Anime";
			};
			name = Debug;
		};
		D23615F22631EE78002D44BE /* Release */ = {
			isa = XCBuildConfiguration;
			baseConfigurationReference = 22A97B9F31EC769F9905F45E /* Pods-My AnimeUITests.release.xcconfig */;
			buildSettings = {
				ALWAYS_EMBED_SWIFT_STANDARD_LIBRARIES = YES;
				CODE_SIGN_STYLE = Automatic;
				INFOPLIST_FILE = "My AnimeUITests/Info.plist";
				LD_RUNPATH_SEARCH_PATHS = (
					"$(inherited)",
					"@executable_path/Frameworks",
					"@loader_path/Frameworks",
				);
				PRODUCT_BUNDLE_IDENTIFIER = "cher.tsering-icloud.com.My-AnimeUITests";
				PRODUCT_NAME = "$(TARGET_NAME)";
				SWIFT_VERSION = 5.0;
				TARGETED_DEVICE_FAMILY = "1,2";
				TEST_TARGET_NAME = "My Anime";
			};
			name = Release;
		};
/* End XCBuildConfiguration section */

/* Begin XCConfigurationList section */
		D23615BB2631EE73002D44BE /* Build configuration list for PBXProject "My Anime" */ = {
			isa = XCConfigurationList;
			buildConfigurations = (
				D23615E82631EE78002D44BE /* Debug */,
				D23615E92631EE78002D44BE /* Release */,
			);
			defaultConfigurationIsVisible = 0;
			defaultConfigurationName = Release;
		};
		D23615EA2631EE78002D44BE /* Build configuration list for PBXNativeTarget "My Anime" */ = {
			isa = XCConfigurationList;
			buildConfigurations = (
				D23615EB2631EE78002D44BE /* Debug */,
				D23615EC2631EE78002D44BE /* Release */,
			);
			defaultConfigurationIsVisible = 0;
			defaultConfigurationName = Release;
		};
		D23615ED2631EE78002D44BE /* Build configuration list for PBXNativeTarget "My AnimeTests" */ = {
			isa = XCConfigurationList;
			buildConfigurations = (
				D23615EE2631EE78002D44BE /* Debug */,
				D23615EF2631EE78002D44BE /* Release */,
			);
			defaultConfigurationIsVisible = 0;
			defaultConfigurationName = Release;
		};
		D23615F02631EE78002D44BE /* Build configuration list for PBXNativeTarget "My AnimeUITests" */ = {
			isa = XCConfigurationList;
			buildConfigurations = (
				D23615F12631EE78002D44BE /* Debug */,
				D23615F22631EE78002D44BE /* Release */,
			);
			defaultConfigurationIsVisible = 0;
			defaultConfigurationName = Release;
		};
/* End XCConfigurationList section */
	};
	rootObject = D23615B82631EE73002D44BE /* Project object */;
}
