// !$*UTF8*$!
{
	archiveVersion = 1;
	classes = {
	};
	objectVersion = 50;
	objects = {

/* Begin PBXBuildFile section */
		FC0C8AA725FB116100ED24F2 /* AllListsViewController.swift in Sources */ = {isa = PBXBuildFile; fileRef = FC0C8AA625FB116100ED24F2 /* AllListsViewController.swift */; };
		FC0C8AAA25FB187200ED24F2 /* Checklist.swift in Sources */ = {isa = PBXBuildFile; fileRef = FC0C8AA925FB187200ED24F2 /* Checklist.swift */; };
		FC14715025EF2350000B1794 /* AppDelegate.swift in Sources */ = {isa = PBXBuildFile; fileRef = FC14714F25EF2350000B1794 /* AppDelegate.swift */; };
		FC14715225EF2350000B1794 /* SceneDelegate.swift in Sources */ = {isa = PBXBuildFile; fileRef = FC14715125EF2350000B1794 /* SceneDelegate.swift */; };
		FC14715725EF2350000B1794 /* Main.storyboard in Resources */ = {isa = PBXBuildFile; fileRef = FC14715525EF2350000B1794 /* Main.storyboard */; };
		FC14715925EF2353000B1794 /* Assets.xcassets in Resources */ = {isa = PBXBuildFile; fileRef = FC14715825EF2353000B1794 /* Assets.xcassets */; };
		FC14715C25EF2353000B1794 /* LaunchScreen.storyboard in Resources */ = {isa = PBXBuildFile; fileRef = FC14715A25EF2353000B1794 /* LaunchScreen.storyboard */; };
		FC14716725EF2508000B1794 /* ChecklistViewController.swift in Sources */ = {isa = PBXBuildFile; fileRef = FC14716625EF2508000B1794 /* ChecklistViewController.swift */; };
		FC16C63726003812001CB40D /* ListDetailViewController.swift in Sources */ = {isa = PBXBuildFile; fileRef = FC16C63626003812001CB40D /* ListDetailViewController.swift */; };
		FC8AF4A72605718E00ED6DE5 /* DataModel.swift in Sources */ = {isa = PBXBuildFile; fileRef = FC8AF4A62605718E00ED6DE5 /* DataModel.swift */; };
		FC9393BD261265DF00DE6450 /* IconPickerViewController.swift in Sources */ = {isa = PBXBuildFile; fileRef = FC9393BC261265DF00DE6450 /* IconPickerViewController.swift */; };
		FCE3775125F02B41005C523D /* ChecklistItem.swift in Sources */ = {isa = PBXBuildFile; fileRef = FCE3775025F02B41005C523D /* ChecklistItem.swift */; };
		FCE3775425F0402C005C523D /* ItemDetailViewController.swift in Sources */ = {isa = PBXBuildFile; fileRef = FCE3775325F0402C005C523D /* ItemDetailViewController.swift */; };
/* End PBXBuildFile section */

/* Begin PBXFileReference section */
		FC0C8AA625FB116100ED24F2 /* AllListsViewController.swift */ = {isa = PBXFileReference; lastKnownFileType = sourcecode.swift; path = AllListsViewController.swift; sourceTree = "<group>"; };
		FC0C8AA925FB187200ED24F2 /* Checklist.swift */ = {isa = PBXFileReference; lastKnownFileType = sourcecode.swift; path = Checklist.swift; sourceTree = "<group>"; };
		FC14714C25EF2350000B1794 /* MyAnime.app */ = {isa = PBXFileReference; explicitFileType = wrapper.application; includeInIndex = 0; path = MyAnime.app; sourceTree = BUILT_PRODUCTS_DIR; };
		FC14714F25EF2350000B1794 /* AppDelegate.swift */ = {isa = PBXFileReference; lastKnownFileType = sourcecode.swift; path = AppDelegate.swift; sourceTree = "<group>"; };
		FC14715125EF2350000B1794 /* SceneDelegate.swift */ = {isa = PBXFileReference; lastKnownFileType = sourcecode.swift; path = SceneDelegate.swift; sourceTree = "<group>"; };
		FC14715625EF2350000B1794 /* Base */ = {isa = PBXFileReference; lastKnownFileType = file.storyboard; name = Base; path = Base.lproj/Main.storyboard; sourceTree = "<group>"; };
		FC14715825EF2353000B1794 /* Assets.xcassets */ = {isa = PBXFileReference; lastKnownFileType = folder.assetcatalog; path = Assets.xcassets; sourceTree = "<group>"; };
		FC14715B25EF2353000B1794 /* Base */ = {isa = PBXFileReference; lastKnownFileType = file.storyboard; name = Base; path = Base.lproj/LaunchScreen.storyboard; sourceTree = "<group>"; };
		FC14715D25EF2353000B1794 /* Info.plist */ = {isa = PBXFileReference; lastKnownFileType = text.plist.xml; path = Info.plist; sourceTree = "<group>"; };
		FC14716625EF2508000B1794 /* ChecklistViewController.swift */ = {isa = PBXFileReference; lastKnownFileType = sourcecode.swift; path = ChecklistViewController.swift; sourceTree = "<group>"; };
		FC16C63626003812001CB40D /* ListDetailViewController.swift */ = {isa = PBXFileReference; lastKnownFileType = sourcecode.swift; path = ListDetailViewController.swift; sourceTree = "<group>"; };
		FC8AF4A62605718E00ED6DE5 /* DataModel.swift */ = {isa = PBXFileReference; lastKnownFileType = sourcecode.swift; path = DataModel.swift; sourceTree = "<group>"; };
		FC9393BC261265DF00DE6450 /* IconPickerViewController.swift */ = {isa = PBXFileReference; lastKnownFileType = sourcecode.swift; path = IconPickerViewController.swift; sourceTree = "<group>"; };
		FCE3775025F02B41005C523D /* ChecklistItem.swift */ = {isa = PBXFileReference; lastKnownFileType = sourcecode.swift; path = ChecklistItem.swift; sourceTree = "<group>"; };
		FCE3775325F0402C005C523D /* ItemDetailViewController.swift */ = {isa = PBXFileReference; lastKnownFileType = sourcecode.swift; path = ItemDetailViewController.swift; sourceTree = "<group>"; };
/* End PBXFileReference section */

/* Begin PBXFrameworksBuildPhase section */
		FC14714925EF2350000B1794 /* Frameworks */ = {
			isa = PBXFrameworksBuildPhase;
			buildActionMask = 2147483647;
			files = (
			);
			runOnlyForDeploymentPostprocessing = 0;
		};
/* End PBXFrameworksBuildPhase section */

/* Begin PBXGroup section */
		FC14714325EF2350000B1794 = {
			isa = PBXGroup;
			children = (
				FC14714E25EF2350000B1794 /* MyAnime */,
				FC14714D25EF2350000B1794 /* Products */,
			);
			sourceTree = "<group>";
		};
		FC14714D25EF2350000B1794 /* Products */ = {
			isa = PBXGroup;
			children = (
				FC14714C25EF2350000B1794 /* MyAnime.app */,
			);
			name = Products;
			sourceTree = "<group>";
		};
		FC14714E25EF2350000B1794 /* MyAnime */ = {
			isa = PBXGroup;
			children = (
				FC8A56B92607F0A800E8A305 /* Data Models */,
				FC8A56BA2607F0B100E8A305 /* View Controllers */,
				FC8A56BB2607F0BC00E8A305 /* Resources */,
				FC14714F25EF2350000B1794 /* AppDelegate.swift */,
				FC14715D25EF2353000B1794 /* Info.plist */,
				FC14715125EF2350000B1794 /* SceneDelegate.swift */,
			);
			path = MyAnime;
			sourceTree = "<group>";
		};
		FC8A56B92607F0A800E8A305 /* Data Models */ = {
			isa = PBXGroup;
			children = (
				FC0C8AA925FB187200ED24F2 /* Checklist.swift */,
				FC9393BC261265DF00DE6450 /* IconPickerViewController.swift */,
				FCE3775025F02B41005C523D /* ChecklistItem.swift */,
				FC8AF4A62605718E00ED6DE5 /* DataModel.swift */,
			);
			path = "Data Models";
			sourceTree = "<group>";
		};
		FC8A56BA2607F0B100E8A305 /* View Controllers */ = {
			isa = PBXGroup;
			children = (
				FC0C8AA625FB116100ED24F2 /* AllListsViewController.swift */,
				FC14716625EF2508000B1794 /* ChecklistViewController.swift */,
				FCE3775325F0402C005C523D /* ItemDetailViewController.swift */,
				FC16C63626003812001CB40D /* ListDetailViewController.swift */,
			);
			path = "View Controllers";
			sourceTree = "<group>";
		};
		FC8A56BB2607F0BC00E8A305 /* Resources */ = {
			isa = PBXGroup;
			children = (
				FC14715825EF2353000B1794 /* Assets.xcassets */,
				FC14715A25EF2353000B1794 /* LaunchScreen.storyboard */,
				FC14715525EF2350000B1794 /* Main.storyboard */,
			);
			path = Resources;
			sourceTree = "<group>";
		};
/* End PBXGroup section */

/* Begin PBXNativeTarget section */
		FC14714B25EF2350000B1794 /* MyAnime */ = {
			isa = PBXNativeTarget;
			buildConfigurationList = FC14716025EF2353000B1794 /* Build configuration list for PBXNativeTarget "MyAnime" */;
			buildPhases = (
				FC14714825EF2350000B1794 /* Sources */,
				FC14714925EF2350000B1794 /* Frameworks */,
				FC14714A25EF2350000B1794 /* Resources */,
			);
			buildRules = (
			);
			dependencies = (
			);
			name = MyAnime;
			productName = Checklists;
			productReference = FC14714C25EF2350000B1794 /* MyAnime.app */;
			productType = "com.apple.product-type.application";
		};
/* End PBXNativeTarget section */

/* Begin PBXProject section */
		FC14714425EF2350000B1794 /* Project object */ = {
			isa = PBXProject;
			attributes = {
				LastSwiftUpdateCheck = 1240;
				LastUpgradeCheck = 1240;
				TargetAttributes = {
					FC14714B25EF2350000B1794 = {
						CreatedOnToolsVersion = 12.4;
					};
				};
			};
			buildConfigurationList = FC14714725EF2350000B1794 /* Build configuration list for PBXProject "MyAnime" */;
			compatibilityVersion = "Xcode 9.3";
			developmentRegion = en;
			hasScannedForEncodings = 0;
			knownRegions = (
				en,
				Base,
			);
			mainGroup = FC14714325EF2350000B1794;
			productRefGroup = FC14714D25EF2350000B1794 /* Products */;
			projectDirPath = "";
			projectRoot = "";
			targets = (
				FC14714B25EF2350000B1794 /* MyAnime */,
			);
		};
/* End PBXProject section */

/* Begin PBXResourcesBuildPhase section */
		FC14714A25EF2350000B1794 /* Resources */ = {
			isa = PBXResourcesBuildPhase;
			buildActionMask = 2147483647;
			files = (
				FC14715C25EF2353000B1794 /* LaunchScreen.storyboard in Resources */,
				FC14715925EF2353000B1794 /* Assets.xcassets in Resources */,
				FC14715725EF2350000B1794 /* Main.storyboard in Resources */,
			);
			runOnlyForDeploymentPostprocessing = 0;
		};
/* End PBXResourcesBuildPhase section */

/* Begin PBXSourcesBuildPhase section */
		FC14714825EF2350000B1794 /* Sources */ = {
			isa = PBXSourcesBuildPhase;
			buildActionMask = 2147483647;
			files = (
				FCE3775425F0402C005C523D /* ItemDetailViewController.swift in Sources */,
				FC14715025EF2350000B1794 /* AppDelegate.swift in Sources */,
				FC0C8AA725FB116100ED24F2 /* AllListsViewController.swift in Sources */,
				FC9393BD261265DF00DE6450 /* IconPickerViewController.swift in Sources */,
				FC14716725EF2508000B1794 /* ChecklistViewController.swift in Sources */,
				FC14715225EF2350000B1794 /* SceneDelegate.swift in Sources */,
				FCE3775125F02B41005C523D /* ChecklistItem.swift in Sources */,
				FC0C8AAA25FB187200ED24F2 /* Checklist.swift in Sources */,
				FC16C63726003812001CB40D /* ListDetailViewController.swift in Sources */,
				FC8AF4A72605718E00ED6DE5 /* DataModel.swift in Sources */,
			);
			runOnlyForDeploymentPostprocessing = 0;
		};
/* End PBXSourcesBuildPhase section */

/* Begin PBXVariantGroup section */
		FC14715525EF2350000B1794 /* Main.storyboard */ = {
			isa = PBXVariantGroup;
			children = (
				FC14715625EF2350000B1794 /* Base */,
			);
			name = Main.storyboard;
			sourceTree = "<group>";
		};
		FC14715A25EF2353000B1794 /* LaunchScreen.storyboard */ = {
			isa = PBXVariantGroup;
			children = (
				FC14715B25EF2353000B1794 /* Base */,
			);
			name = LaunchScreen.storyboard;
			sourceTree = "<group>";
		};
/* End PBXVariantGroup section */

/* Begin XCBuildConfiguration section */
		FC14715E25EF2353000B1794 /* Debug */ = {
			isa = XCBuildConfiguration;
			buildSettings = {
				ALWAYS_SEARCH_USER_PATHS = NO;
				CLANG_ANALYZER_NONNULL = YES;
				CLANG_ANALYZER_NUMBER_OBJECT_CONVERSION = YES_AGGRESSIVE;
				CLANG_CXX_LANGUAGE_STANDARD = "gnu++14";
				CLANG_CXX_LIBRARY = "libc++";
				CLANG_ENABLE_MODULES = YES;
				CLANG_ENABLE_OBJC_ARC = YES;
				CLANG_ENABLE_OBJC_WEAK = YES;
				CLANG_WARN_BLOCK_CAPTURE_AUTORELEASING = YES;
				CLANG_WARN_BOOL_CONVERSION = YES;
				CLANG_WARN_COMMA = YES;
				CLANG_WARN_CONSTANT_CONVERSION = YES;
				CLANG_WARN_DEPRECATED_OBJC_IMPLEMENTATIONS = YES;
				CLANG_WARN_DIRECT_OBJC_ISA_USAGE = YES_ERROR;
				CLANG_WARN_DOCUMENTATION_COMMENTS = YES;
				CLANG_WARN_EMPTY_BODY = YES;
				CLANG_WARN_ENUM_CONVERSION = YES;
				CLANG_WARN_INFINITE_RECURSION = YES;
				CLANG_WARN_INT_CONVERSION = YES;
				CLANG_WARN_NON_LITERAL_NULL_CONVERSION = YES;
				CLANG_WARN_OBJC_IMPLICIT_RETAIN_SELF = YES;
				CLANG_WARN_OBJC_LITERAL_CONVERSION = YES;
				CLANG_WARN_OBJC_ROOT_CLASS = YES_ERROR;
				CLANG_WARN_QUOTED_INCLUDE_IN_FRAMEWORK_HEADER = YES;
				CLANG_WARN_RANGE_LOOP_ANALYSIS = YES;
				CLANG_WARN_STRICT_PROTOTYPES = YES;
				CLANG_WARN_SUSPICIOUS_MOVE = YES;
				CLANG_WARN_UNGUARDED_AVAILABILITY = YES_AGGRESSIVE;
				CLANG_WARN_UNREACHABLE_CODE = YES;
				CLANG_WARN__DUPLICATE_METHOD_MATCH = YES;
				COPY_PHASE_STRIP = NO;
				DEBUG_INFORMATION_FORMAT = dwarf;
				ENABLE_STRICT_OBJC_MSGSEND = YES;
				ENABLE_TESTABILITY = YES;
				GCC_C_LANGUAGE_STANDARD = gnu11;
				GCC_DYNAMIC_NO_PIC = NO;
				GCC_NO_COMMON_BLOCKS = YES;
				GCC_OPTIMIZATION_LEVEL = 0;
				GCC_PREPROCESSOR_DEFINITIONS = (
					"DEBUG=1",
					"$(inherited)",
				);
				GCC_WARN_64_TO_32_BIT_CONVERSION = YES;
				GCC_WARN_ABOUT_RETURN_TYPE = YES_ERROR;
				GCC_WARN_UNDECLARED_SELECTOR = YES;
				GCC_WARN_UNINITIALIZED_AUTOS = YES_AGGRESSIVE;
				GCC_WARN_UNUSED_FUNCTION = YES;
				GCC_WARN_UNUSED_VARIABLE = YES;
				IPHONEOS_DEPLOYMENT_TARGET = 14.4;
				MTL_ENABLE_DEBUG_INFO = INCLUDE_SOURCE;
				MTL_FAST_MATH = YES;
				ONLY_ACTIVE_ARCH = YES;
				SDKROOT = iphoneos;
				SWIFT_ACTIVE_COMPILATION_CONDITIONS = DEBUG;
				SWIFT_OPTIMIZATION_LEVEL = "-Onone";
			};
			name = Debug;
		};
		FC14715F25EF2353000B1794 /* Release */ = {
			isa = XCBuildConfiguration;
			buildSettings = {
				ALWAYS_SEARCH_USER_PATHS = NO;
				CLANG_ANALYZER_NONNULL = YES;
				CLANG_ANALYZER_NUMBER_OBJECT_CONVERSION = YES_AGGRESSIVE;
				CLANG_CXX_LANGUAGE_STANDARD = "gnu++14";
				CLANG_CXX_LIBRARY = "libc++";
				CLANG_ENABLE_MODULES = YES;
				CLANG_ENABLE_OBJC_ARC = YES;
				CLANG_ENABLE_OBJC_WEAK = YES;
				CLANG_WARN_BLOCK_CAPTURE_AUTORELEASING = YES;
				CLANG_WARN_BOOL_CONVERSION = YES;
				CLANG_WARN_COMMA = YES;
				CLANG_WARN_CONSTANT_CONVERSION = YES;
				CLANG_WARN_DEPRECATED_OBJC_IMPLEMENTATIONS = YES;
				CLANG_WARN_DIRECT_OBJC_ISA_USAGE = YES_ERROR;
				CLANG_WARN_DOCUMENTATION_COMMENTS = YES;
				CLANG_WARN_EMPTY_BODY = YES;
				CLANG_WARN_ENUM_CONVERSION = YES;
				CLANG_WARN_INFINITE_RECURSION = YES;
				CLANG_WARN_INT_CONVERSION = YES;
				CLANG_WARN_NON_LITERAL_NULL_CONVERSION = YES;
				CLANG_WARN_OBJC_IMPLICIT_RETAIN_SELF = YES;
				CLANG_WARN_OBJC_LITERAL_CONVERSION = YES;
				CLANG_WARN_OBJC_ROOT_CLASS = YES_ERROR;
				CLANG_WARN_QUOTED_INCLUDE_IN_FRAMEWORK_HEADER = YES;
				CLANG_WARN_RANGE_LOOP_ANALYSIS = YES;
				CLANG_WARN_STRICT_PROTOTYPES = YES;
				CLANG_WARN_SUSPICIOUS_MOVE = YES;
				CLANG_WARN_UNGUARDED_AVAILABILITY = YES_AGGRESSIVE;
				CLANG_WARN_UNREACHABLE_CODE = YES;
				CLANG_WARN__DUPLICATE_METHOD_MATCH = YES;
				COPY_PHASE_STRIP = NO;
				DEBUG_INFORMATION_FORMAT = "dwarf-with-dsym";
				ENABLE_NS_ASSERTIONS = NO;
				ENABLE_STRICT_OBJC_MSGSEND = YES;
				GCC_C_LANGUAGE_STANDARD = gnu11;
				GCC_NO_COMMON_BLOCKS = YES;
				GCC_WARN_64_TO_32_BIT_CONVERSION = YES;
				GCC_WARN_ABOUT_RETURN_TYPE = YES_ERROR;
				GCC_WARN_UNDECLARED_SELECTOR = YES;
				GCC_WARN_UNINITIALIZED_AUTOS = YES_AGGRESSIVE;
				GCC_WARN_UNUSED_FUNCTION = YES;
				GCC_WARN_UNUSED_VARIABLE = YES;
				IPHONEOS_DEPLOYMENT_TARGET = 14.4;
				MTL_ENABLE_DEBUG_INFO = NO;
				MTL_FAST_MATH = YES;
				SDKROOT = iphoneos;
				SWIFT_COMPILATION_MODE = wholemodule;
				SWIFT_OPTIMIZATION_LEVEL = "-O";
				VALIDATE_PRODUCT = YES;
			};
			name = Release;
		};
		FC14716125EF2353000B1794 /* Debug */ = {
			isa = XCBuildConfiguration;
			buildSettings = {
				ASSETCATALOG_COMPILER_APPICON_NAME = AppIcon;
				ASSETCATALOG_COMPILER_GLOBAL_ACCENT_COLOR_NAME = AccentColor;
				CODE_SIGN_STYLE = Automatic;
				DEVELOPMENT_TEAM = D44VYF4F68;
				INFOPLIST_FILE = MyAnime/Info.plist;
				LD_RUNPATH_SEARCH_PATHS = (
					"$(inherited)",
					"@executable_path/Frameworks",
				);
				PRODUCT_BUNDLE_IDENTIFIER = "fantastic-4.MyAnime";
				PRODUCT_NAME = "$(TARGET_NAME)";
				SWIFT_VERSION = 5.0;
				TARGETED_DEVICE_FAMILY = "1,2";
			};
			name = Debug;
		};
		FC14716225EF2353000B1794 /* Release */ = {
			isa = XCBuildConfiguration;
			buildSettings = {
				ASSETCATALOG_COMPILER_APPICON_NAME = AppIcon;
				ASSETCATALOG_COMPILER_GLOBAL_ACCENT_COLOR_NAME = AccentColor;
				CODE_SIGN_STYLE = Automatic;
				DEVELOPMENT_TEAM = D44VYF4F68;
				INFOPLIST_FILE = MyAnime/Info.plist;
				LD_RUNPATH_SEARCH_PATHS = (
					"$(inherited)",
					"@executable_path/Frameworks",
				);
				PRODUCT_BUNDLE_IDENTIFIER = "fantastic-4.MyAnime";
				PRODUCT_NAME = "$(TARGET_NAME)";
				SWIFT_VERSION = 5.0;
				TARGETED_DEVICE_FAMILY = "1,2";
			};
			name = Release;
		};
/* End XCBuildConfiguration section */

/* Begin XCConfigurationList section */
		FC14714725EF2350000B1794 /* Build configuration list for PBXProject "MyAnime" */ = {
			isa = XCConfigurationList;
			buildConfigurations = (
				FC14715E25EF2353000B1794 /* Debug */,
				FC14715F25EF2353000B1794 /* Release */,
			);
			defaultConfigurationIsVisible = 0;
			defaultConfigurationName = Release;
		};
		FC14716025EF2353000B1794 /* Build configuration list for PBXNativeTarget "MyAnime" */ = {
			isa = XCConfigurationList;
			buildConfigurations = (
				FC14716125EF2353000B1794 /* Debug */,
				FC14716225EF2353000B1794 /* Release */,
			);
			defaultConfigurationIsVisible = 0;
			defaultConfigurationName = Release;
		};
/* End XCConfigurationList section */
	};
	rootObject = FC14714425EF2350000B1794 /* Project object */;
}
